
Microsoft Visual Studio Solution File, Format Version 12.00
# Visual Studio Version 17
VisualStudioVersion = 17.7.34202.233
MinimumVisualStudioVersion = 10.0.40219.1
Project("{FAE04EC0-301F-11D3-BF4B-00C04F79EFBC}") = "ConsoleApp3", "ConsoleApp3\ConsoleApp3.csproj", "{BAED7F87-1694-4560-A9EB-6B06163008E5}"
EndProject
Global
	GlobalSection(SolutionConfigurationPlatforms) = preSolution
		Debug|Any CPU = Debug|Any CPU
		Release|Any CPU = Release|Any CPU
	EndGlobalSection
	GlobalSection(ProjectConfigurationPlatforms) = postSolution
		{BAED7F87-1694-4560-A9EB-6B06163008E5}.Debug|Any CPU.ActiveCfg = Debug|Any CPU
		{BAED7F87-1694-4560-A9EB-6B06163008E5}.Debug|Any CPU.Build.0 = Debug|Any CPU
		{BAED7F87-1694-4560-A9EB-6B06163008E5}.Release|Any CPU.ActiveCfg = Release|Any CPU
		{BAED7F87-1694-4560-A9EB-6B06163008E5}.Release|Any CPU.Build.0 = Release|Any CPU
	EndGlobalSection
	GlobalSection(SolutionProperties) = preSolution
		HideSolutionNode = FALSE
	EndGlobalSection
	GlobalSection(ExtensibilityGlobals) = postSolution
		SolutionGuid = {429FB2F2-D023-4B5B-BAE9-FFBC486A243F}
	EndGlobalSection
EndGlobal
